{
  "name": "base",
  "version": "1.0.0",
  "lockfileVersion": 2,
  "requires": true,
  "packages": {
    "": {
      "name": "base",
      "version": "1.0.0",
      "license": "ISC",
      "dependencies": {
        "component": "git+ssh://git@github.com/cc-sato/component.git#master"
      }
    },
    "node_modules/component": {
      "version": "1.0.0",
      "resolved": "git+ssh://git@github.com/cc-sato/component.git#e4a7e4a43b2d681ec54aecc037574e7c3ef5587e",
      "license": "ISC"
    }
  },
  "dependencies": {
    "component": {
      "version": "git+ssh://git@github.com/cc-sato/component.git#e4a7e4a43b2d681ec54aecc037574e7c3ef5587e",
      "from": "component@git+ssh://git@github.com/cc-sato/component.git#master"
    }
  }
}
